<?xml version="1.0" encoding="utf-8"?>
<Project ToolsVersion="4.0" xmlns="http://schemas.microsoft.com/developer/msbuild/2003">
  <ItemGroup>
    <Filter Include="flex-engine">
      <UniqueIdentifier>{B71D5AF2-23D3-D2E7-ACC7-CCBE187CC9EB}</UniqueIdentifier>
    </Filter>
  </ItemGroup>
  <ItemGroup>
    <ClInclude Include="src\flex-engine.h" />
    <ClInclude Include="src\flex-engine\Application.h">
      <Filter>flex-engine</Filter>
    </ClInclude>
    <ClInclude Include="src\flex-engine\Core.h">
      <Filter>flex-engine</Filter>
    </ClInclude>
    <ClInclude Include="src\flex-engine\EntryPoint.h">
      <Filter>flex-engine</Filter>
    </ClInclude>
    <ClInclude Include="src\flex-engine\Log.h">
      <Filter>flex-engine</Filter>
    </ClInclude>
  </ItemGroup>
  <ItemGroup>
    <ClCompile Include="src\flex-engine\Application.cpp">
      <Filter>flex-engine</Filter>
    </ClCompile>
    <ClCompile Include="src\flex-engine\Log.cpp">
      <Filter>flex-engine</Filter>
    </ClCompile>
  </ItemGroup>
</Project>