<?xml version="1.0" encoding="utf-8"?>
<Project ToolsVersion="4.0" xmlns="http://schemas.microsoft.com/developer/msbuild/2003">
  <ItemGroup>
    <Filter Include="flex-engine">
      <UniqueIdentifier>{B71D5AF2-23D3-D2E7-ACC7-CCBE187CC9EB}</UniqueIdentifier>
    </Filter>
  </ItemGroup>
  <ItemGroup>
    <ClInclude Include="src\flex-engine.hpp" />
    <ClInclude Include="src\flex-engine\application.hpp">
      <Filter>flex-engine</Filter>
    </ClInclude>
    <ClInclude Include="src\flex-engine\core.hpp">
      <Filter>flex-engine</Filter>
    </ClInclude>
    <ClInclude Include="src\flex-engine\entry_point.hpp">
      <Filter>flex-engine</Filter>
    </ClInclude>
    <ClInclude Include="src\flex-engine\log.hpp">
      <Filter>flex-engine</Filter>
    </ClInclude>
  </ItemGroup>
  <ItemGroup>
    <ClCompile Include="src\flex-engine\application.cpp">
      <Filter>flex-engine</Filter>
    </ClCompile>
    <ClCompile Include="src\flex-engine\log.cpp">
      <Filter>flex-engine</Filter>
    </ClCompile>
  </ItemGroup>
</Project>